
Microsoft Visual Studio Solution File, Format Version 12.00
# Visual Studio 15
VisualStudioVersion = 15.0.28307.572
MinimumVisualStudioVersion = 10.0.40219.1
Project("{FAE04EC0-301F-11D3-BF4B-00C04F79EFBC}") = "WindowsFormsApp1", "WindowsFormsApp1\WindowsFormsApp1.csproj", "{82732D9C-ADD3-4FB8-ABF4-F8BB01924713}"
EndProject
Global
	GlobalSection(SolutionConfigurationPlatforms) = preSolution
		Debug|Any CPU = Debug|Any CPU
		Release|Any CPU = Release|Any CPU
	EndGlobalSection
	GlobalSection(ProjectConfigurationPlatforms) = postSolution
		{82732D9C-ADD3-4FB8-ABF4-F8BB01924713}.Debug|Any CPU.ActiveCfg = Debug|Any CPU
		{82732D9C-ADD3-4FB8-ABF4-F8BB01924713}.Debug|Any CPU.Build.0 = Debug|Any CPU
		{82732D9C-ADD3-4FB8-ABF4-F8BB01924713}.Release|Any CPU.ActiveCfg = Release|Any CPU
		{82732D9C-ADD3-4FB8-ABF4-F8BB01924713}.Release|Any CPU.Build.0 = Release|Any CPU
	EndGlobalSection
	GlobalSection(SolutionProperties) = preSolution
		HideSolutionNode = FALSE
	EndGlobalSection
	GlobalSection(ExtensibilityGlobals) = postSolution
		SolutionGuid = {0026E942-7D25-4FDE-844A-87CB5C8D4944}
	EndGlobalSection
EndGlobal
